
Microsoft Visual Studio Solution File, Format Version 12.00
# Visual Studio Version 16
VisualStudioVersion = 16.0.30011.22
MinimumVisualStudioVersion = 10.0.40219.1
Project("{FAE04EC0-301F-11D3-BF4B-00C04F79EFBC}") = "testingproject", "testingproject\testingproject.csproj", "{EF55CD1A-ED2B-49E4-A388-AAFBE16E3297}"
EndProject
Global
	GlobalSection(SolutionConfigurationPlatforms) = preSolution
		Debug|Any CPU = Debug|Any CPU
		Release|Any CPU = Release|Any CPU
	EndGlobalSection
	GlobalSection(ProjectConfigurationPlatforms) = postSolution
		{EF55CD1A-ED2B-49E4-A388-AAFBE16E3297}.Debug|Any CPU.ActiveCfg = Debug|Any CPU
		{EF55CD1A-ED2B-49E4-A388-AAFBE16E3297}.Debug|Any CPU.Build.0 = Debug|Any CPU
		{EF55CD1A-ED2B-49E4-A388-AAFBE16E3297}.Release|Any CPU.ActiveCfg = Release|Any CPU
		{EF55CD1A-ED2B-49E4-A388-AAFBE16E3297}.Release|Any CPU.Build.0 = Release|Any CPU
	EndGlobalSection
	GlobalSection(SolutionProperties) = preSolution
		HideSolutionNode = FALSE
	EndGlobalSection
	GlobalSection(ExtensibilityGlobals) = postSolution
		SolutionGuid = {76EB284B-0292-40D2-A9C6-78D1BA114192}
	EndGlobalSection
EndGlobal
